// !$*UTF8*$!
{
	archiveVersion = 1;
	classes = {
	};
	objectVersion = 56;
	objects = {

/* Begin PBXBuildFile section */
		BF6C43DB2B2DBBD600384B5A /* AppDelegate.swift in Sources */ = {isa = PBXBuildFile; fileRef = BF6C43DA2B2DBBD600384B5A /* AppDelegate.swift */; };
		BF6C43DD2B2DBBD600384B5A /* SceneDelegate.swift in Sources */ = {isa = PBXBuildFile; fileRef = BF6C43DC2B2DBBD600384B5A /* SceneDelegate.swift */; };
		BF6C43DF2B2DBBD600384B5A /* TabBarViewController.swift in Sources */ = {isa = PBXBuildFile; fileRef = BF6C43DE2B2DBBD600384B5A /* TabBarViewController.swift */; };
		BF6C43E52B2DBBD600384B5A /* Tracker.xcdatamodeld in Sources */ = {isa = PBXBuildFile; fileRef = BF6C43E32B2DBBD600384B5A /* Tracker.xcdatamodeld */; };
		BF6C43E72B2DBBD700384B5A /* Assets.xcassets in Resources */ = {isa = PBXBuildFile; fileRef = BF6C43E62B2DBBD700384B5A /* Assets.xcassets */; };
		BF6C43EA2B2DBBD700384B5A /* LaunchScreen.storyboard in Resources */ = {isa = PBXBuildFile; fileRef = BF6C43E82B2DBBD700384B5A /* LaunchScreen.storyboard */; };
		BF6C43F52B2DBBD700384B5A /* TrackerTests.swift in Sources */ = {isa = PBXBuildFile; fileRef = BF6C43F42B2DBBD700384B5A /* TrackerTests.swift */; };
		BF6C43FF2B2DBBD700384B5A /* TrackerUITests.swift in Sources */ = {isa = PBXBuildFile; fileRef = BF6C43FE2B2DBBD700384B5A /* TrackerUITests.swift */; };
		BF6C44012B2DBBD700384B5A /* TrackerUITestsLaunchTests.swift in Sources */ = {isa = PBXBuildFile; fileRef = BF6C44002B2DBBD700384B5A /* TrackerUITestsLaunchTests.swift */; };
		BF6C44102B2FC1CB00384B5A /* TrackersViewController.swift in Sources */ = {isa = PBXBuildFile; fileRef = BF6C440F2B2FC1CB00384B5A /* TrackersViewController.swift */; };
		BF6C44122B2FC1ED00384B5A /* StatisticsViewController.swift in Sources */ = {isa = PBXBuildFile; fileRef = BF6C44112B2FC1ED00384B5A /* StatisticsViewController.swift */; };
		BF793C472B5DE0C10021AB07 /* TrackerRecord.swift in Sources */ = {isa = PBXBuildFile; fileRef = BF793C462B5DE0C10021AB07 /* TrackerRecord.swift */; };
		BF793C492B5DE0D60021AB07 /* TrackerCategory.swift in Sources */ = {isa = PBXBuildFile; fileRef = BF793C482B5DE0D60021AB07 /* TrackerCategory.swift */; };
		BF793C4B2B5DE0F10021AB07 /* Tracker.swift in Sources */ = {isa = PBXBuildFile; fileRef = BF793C4A2B5DE0F10021AB07 /* Tracker.swift */; };
/* End PBXBuildFile section */

/* Begin PBXContainerItemProxy section */
		BF6C43F12B2DBBD700384B5A /* PBXContainerItemProxy */ = {
			isa = PBXContainerItemProxy;
			containerPortal = BF6C43CF2B2DBBD600384B5A /* Project object */;
			proxyType = 1;
			remoteGlobalIDString = BF6C43D62B2DBBD600384B5A;
			remoteInfo = Tracker;
		};
		BF6C43FB2B2DBBD700384B5A /* PBXContainerItemProxy */ = {
			isa = PBXContainerItemProxy;
			containerPortal = BF6C43CF2B2DBBD600384B5A /* Project object */;
			proxyType = 1;
			remoteGlobalIDString = BF6C43D62B2DBBD600384B5A;
			remoteInfo = Tracker;
		};
/* End PBXContainerItemProxy section */

/* Begin PBXFileReference section */
		BF6C43D72B2DBBD600384B5A /* Tracker.app */ = {isa = PBXFileReference; explicitFileType = wrapper.application; includeInIndex = 0; path = Tracker.app; sourceTree = BUILT_PRODUCTS_DIR; };
		BF6C43DA2B2DBBD600384B5A /* AppDelegate.swift */ = {isa = PBXFileReference; lastKnownFileType = sourcecode.swift; path = AppDelegate.swift; sourceTree = "<group>"; };
		BF6C43DC2B2DBBD600384B5A /* SceneDelegate.swift */ = {isa = PBXFileReference; lastKnownFileType = sourcecode.swift; path = SceneDelegate.swift; sourceTree = "<group>"; };
		BF6C43DE2B2DBBD600384B5A /* TabBarViewController.swift */ = {isa = PBXFileReference; lastKnownFileType = sourcecode.swift; path = TabBarViewController.swift; sourceTree = "<group>"; };
		BF6C43E42B2DBBD600384B5A /* Tracker.xcdatamodel */ = {isa = PBXFileReference; lastKnownFileType = wrapper.xcdatamodel; path = Tracker.xcdatamodel; sourceTree = "<group>"; };
		BF6C43E62B2DBBD700384B5A /* Assets.xcassets */ = {isa = PBXFileReference; lastKnownFileType = folder.assetcatalog; path = Assets.xcassets; sourceTree = "<group>"; };
		BF6C43E92B2DBBD700384B5A /* Base */ = {isa = PBXFileReference; lastKnownFileType = file.storyboard; name = Base; path = Base.lproj/LaunchScreen.storyboard; sourceTree = "<group>"; };
		BF6C43EB2B2DBBD700384B5A /* Info.plist */ = {isa = PBXFileReference; lastKnownFileType = text.plist.xml; path = Info.plist; sourceTree = "<group>"; };
		BF6C43F02B2DBBD700384B5A /* TrackerTests.xctest */ = {isa = PBXFileReference; explicitFileType = wrapper.cfbundle; includeInIndex = 0; path = TrackerTests.xctest; sourceTree = BUILT_PRODUCTS_DIR; };
		BF6C43F42B2DBBD700384B5A /* TrackerTests.swift */ = {isa = PBXFileReference; lastKnownFileType = sourcecode.swift; path = TrackerTests.swift; sourceTree = "<group>"; };
		BF6C43FA2B2DBBD700384B5A /* TrackerUITests.xctest */ = {isa = PBXFileReference; explicitFileType = wrapper.cfbundle; includeInIndex = 0; path = TrackerUITests.xctest; sourceTree = BUILT_PRODUCTS_DIR; };
		BF6C43FE2B2DBBD700384B5A /* TrackerUITests.swift */ = {isa = PBXFileReference; lastKnownFileType = sourcecode.swift; path = TrackerUITests.swift; sourceTree = "<group>"; };
		BF6C44002B2DBBD700384B5A /* TrackerUITestsLaunchTests.swift */ = {isa = PBXFileReference; lastKnownFileType = sourcecode.swift; path = TrackerUITestsLaunchTests.swift; sourceTree = "<group>"; };
		BF6C440F2B2FC1CB00384B5A /* TrackersViewController.swift */ = {isa = PBXFileReference; lastKnownFileType = sourcecode.swift; path = TrackersViewController.swift; sourceTree = "<group>"; };
		BF6C44112B2FC1ED00384B5A /* StatisticsViewController.swift */ = {isa = PBXFileReference; lastKnownFileType = sourcecode.swift; path = StatisticsViewController.swift; sourceTree = "<group>"; };
		BF793C462B5DE0C10021AB07 /* TrackerRecord.swift */ = {isa = PBXFileReference; lastKnownFileType = sourcecode.swift; path = TrackerRecord.swift; sourceTree = "<group>"; };
		BF793C482B5DE0D60021AB07 /* TrackerCategory.swift */ = {isa = PBXFileReference; lastKnownFileType = sourcecode.swift; path = TrackerCategory.swift; sourceTree = "<group>"; };
		BF793C4A2B5DE0F10021AB07 /* Tracker.swift */ = {isa = PBXFileReference; lastKnownFileType = sourcecode.swift; path = Tracker.swift; sourceTree = "<group>"; };
/* End PBXFileReference section */

/* Begin PBXFrameworksBuildPhase section */
		BF6C43D42B2DBBD600384B5A /* Frameworks */ = {
			isa = PBXFrameworksBuildPhase;
			buildActionMask = 2147483647;
			files = (
			);
			runOnlyForDeploymentPostprocessing = 0;
		};
		BF6C43ED2B2DBBD700384B5A /* Frameworks */ = {
			isa = PBXFrameworksBuildPhase;
			buildActionMask = 2147483647;
			files = (
			);
			runOnlyForDeploymentPostprocessing = 0;
		};
		BF6C43F72B2DBBD700384B5A /* Frameworks */ = {
			isa = PBXFrameworksBuildPhase;
			buildActionMask = 2147483647;
			files = (
			);
			runOnlyForDeploymentPostprocessing = 0;
		};
/* End PBXFrameworksBuildPhase section */

/* Begin PBXGroup section */
		BF6C43CE2B2DBBD600384B5A = {
			isa = PBXGroup;
			children = (
				BF6C43D92B2DBBD600384B5A /* Tracker */,
				BF6C43F32B2DBBD700384B5A /* TrackerTests */,
				BF6C43FD2B2DBBD700384B5A /* TrackerUITests */,
				BF6C43D82B2DBBD600384B5A /* Products */,
			);
			sourceTree = "<group>";
		};
		BF6C43D82B2DBBD600384B5A /* Products */ = {
			isa = PBXGroup;
			children = (
				BF6C43D72B2DBBD600384B5A /* Tracker.app */,
				BF6C43F02B2DBBD700384B5A /* TrackerTests.xctest */,
				BF6C43FA2B2DBBD700384B5A /* TrackerUITests.xctest */,
			);
			name = Products;
			sourceTree = "<group>";
		};
		BF6C43D92B2DBBD600384B5A /* Tracker */ = {
			isa = PBXGroup;
			children = (
				BF793C452B5DE09A0021AB07 /* Models */,
				BF6C44132B2FC2D300384B5A /* ViewControllers */,
				BF6C43DA2B2DBBD600384B5A /* AppDelegate.swift */,
				BF6C43DC2B2DBBD600384B5A /* SceneDelegate.swift */,
				BF6C43E62B2DBBD700384B5A /* Assets.xcassets */,
				BF6C43E82B2DBBD700384B5A /* LaunchScreen.storyboard */,
				BF6C43EB2B2DBBD700384B5A /* Info.plist */,
				BF6C43E32B2DBBD600384B5A /* Tracker.xcdatamodeld */,
			);
			path = Tracker;
			sourceTree = "<group>";
		};
		BF6C43F32B2DBBD700384B5A /* TrackerTests */ = {
			isa = PBXGroup;
			children = (
				BF6C43F42B2DBBD700384B5A /* TrackerTests.swift */,
			);
			path = TrackerTests;
			sourceTree = "<group>";
		};
		BF6C43FD2B2DBBD700384B5A /* TrackerUITests */ = {
			isa = PBXGroup;
			children = (
				BF6C43FE2B2DBBD700384B5A /* TrackerUITests.swift */,
				BF6C44002B2DBBD700384B5A /* TrackerUITestsLaunchTests.swift */,
			);
			path = TrackerUITests;
			sourceTree = "<group>";
		};
		BF6C44132B2FC2D300384B5A /* ViewControllers */ = {
			isa = PBXGroup;
			children = (
				BF6C43DE2B2DBBD600384B5A /* TabBarViewController.swift */,
				BF6C440F2B2FC1CB00384B5A /* TrackersViewController.swift */,
				BF6C44112B2FC1ED00384B5A /* StatisticsViewController.swift */,
			);
			path = ViewControllers;
			sourceTree = "<group>";
		};
		BF793C452B5DE09A0021AB07 /* Models */ = {
			isa = PBXGroup;
			children = (
				BF793C462B5DE0C10021AB07 /* TrackerRecord.swift */,
				BF793C482B5DE0D60021AB07 /* TrackerCategory.swift */,
				BF793C4A2B5DE0F10021AB07 /* Tracker.swift */,
			);
			path = Models;
			sourceTree = "<group>";
		};
/* End PBXGroup section */

/* Begin PBXNativeTarget section */
		BF6C43D62B2DBBD600384B5A /* Tracker */ = {
			isa = PBXNativeTarget;
			buildConfigurationList = BF6C44042B2DBBD700384B5A /* Build configuration list for PBXNativeTarget "Tracker" */;
			buildPhases = (
				BF6C43D32B2DBBD600384B5A /* Sources */,
				BF6C43D42B2DBBD600384B5A /* Frameworks */,
				BF6C43D52B2DBBD600384B5A /* Resources */,
			);
			buildRules = (
			);
			dependencies = (
			);
			name = Tracker;
			productName = Tracker;
			productReference = BF6C43D72B2DBBD600384B5A /* Tracker.app */;
			productType = "com.apple.product-type.application";
		};
		BF6C43EF2B2DBBD700384B5A /* TrackerTests */ = {
			isa = PBXNativeTarget;
			buildConfigurationList = BF6C44072B2DBBD700384B5A /* Build configuration list for PBXNativeTarget "TrackerTests" */;
			buildPhases = (
				BF6C43EC2B2DBBD700384B5A /* Sources */,
				BF6C43ED2B2DBBD700384B5A /* Frameworks */,
				BF6C43EE2B2DBBD700384B5A /* Resources */,
			);
			buildRules = (
			);
			dependencies = (
				BF6C43F22B2DBBD700384B5A /* PBXTargetDependency */,
			);
			name = TrackerTests;
			productName = TrackerTests;
			productReference = BF6C43F02B2DBBD700384B5A /* TrackerTests.xctest */;
			productType = "com.apple.product-type.bundle.unit-test";
		};
		BF6C43F92B2DBBD700384B5A /* TrackerUITests */ = {
			isa = PBXNativeTarget;
			buildConfigurationList = BF6C440A2B2DBBD700384B5A /* Build configuration list for PBXNativeTarget "TrackerUITests" */;
			buildPhases = (
				BF6C43F62B2DBBD700384B5A /* Sources */,
				BF6C43F72B2DBBD700384B5A /* Frameworks */,
				BF6C43F82B2DBBD700384B5A /* Resources */,
			);
			buildRules = (
			);
			dependencies = (
				BF6C43FC2B2DBBD700384B5A /* PBXTargetDependency */,
			);
			name = TrackerUITests;
			productName = TrackerUITests;
			productReference = BF6C43FA2B2DBBD700384B5A /* TrackerUITests.xctest */;
			productType = "com.apple.product-type.bundle.ui-testing";
		};
/* End PBXNativeTarget section */

/* Begin PBXProject section */
		BF6C43CF2B2DBBD600384B5A /* Project object */ = {
			isa = PBXProject;
			attributes = {
				BuildIndependentTargetsInParallel = 1;
				LastSwiftUpdateCheck = 1520;
				LastUpgradeCheck = 1520;
				TargetAttributes = {
					BF6C43D62B2DBBD600384B5A = {
						CreatedOnToolsVersion = 15.2;
					};
					BF6C43EF2B2DBBD700384B5A = {
						CreatedOnToolsVersion = 15.2;
						TestTargetID = BF6C43D62B2DBBD600384B5A;
					};
					BF6C43F92B2DBBD700384B5A = {
						CreatedOnToolsVersion = 15.2;
						TestTargetID = BF6C43D62B2DBBD600384B5A;
					};
				};
			};
			buildConfigurationList = BF6C43D22B2DBBD600384B5A /* Build configuration list for PBXProject "Tracker" */;
			compatibilityVersion = "Xcode 14.0";
			developmentRegion = en;
			hasScannedForEncodings = 0;
			knownRegions = (
				en,
				Base,
			);
			mainGroup = BF6C43CE2B2DBBD600384B5A;
			productRefGroup = BF6C43D82B2DBBD600384B5A /* Products */;
			projectDirPath = "";
			projectRoot = "";
			targets = (
				BF6C43D62B2DBBD600384B5A /* Tracker */,
				BF6C43EF2B2DBBD700384B5A /* TrackerTests */,
				BF6C43F92B2DBBD700384B5A /* TrackerUITests */,
			);
		};
/* End PBXProject section */

/* Begin PBXResourcesBuildPhase section */
		BF6C43D52B2DBBD600384B5A /* Resources */ = {
			isa = PBXResourcesBuildPhase;
			buildActionMask = 2147483647;
			files = (
				BF6C43EA2B2DBBD700384B5A /* LaunchScreen.storyboard in Resources */,
				BF6C43E72B2DBBD700384B5A /* Assets.xcassets in Resources */,
			);
			runOnlyForDeploymentPostprocessing = 0;
		};
		BF6C43EE2B2DBBD700384B5A /* Resources */ = {
			isa = PBXResourcesBuildPhase;
			buildActionMask = 2147483647;
			files = (
			);
			runOnlyForDeploymentPostprocessing = 0;
		};
		BF6C43F82B2DBBD700384B5A /* Resources */ = {
			isa = PBXResourcesBuildPhase;
			buildActionMask = 2147483647;
			files = (
			);
			runOnlyForDeploymentPostprocessing = 0;
		};
/* End PBXResourcesBuildPhase section */

/* Begin PBXSourcesBuildPhase section */
		BF6C43D32B2DBBD600384B5A /* Sources */ = {
			isa = PBXSourcesBuildPhase;
			buildActionMask = 2147483647;
			files = (
				BF6C43E52B2DBBD600384B5A /* Tracker.xcdatamodeld in Sources */,
				BF6C43DF2B2DBBD600384B5A /* TabBarViewController.swift in Sources */,
				BF793C492B5DE0D60021AB07 /* TrackerCategory.swift in Sources */,
				BF793C4B2B5DE0F10021AB07 /* Tracker.swift in Sources */,
				BF6C44102B2FC1CB00384B5A /* TrackersViewController.swift in Sources */,
				BF793C472B5DE0C10021AB07 /* TrackerRecord.swift in Sources */,
				BF6C44122B2FC1ED00384B5A /* StatisticsViewController.swift in Sources */,
				BF6C43DB2B2DBBD600384B5A /* AppDelegate.swift in Sources */,
				BF6C43DD2B2DBBD600384B5A /* SceneDelegate.swift in Sources */,
			);
			runOnlyForDeploymentPostprocessing = 0;
		};
		BF6C43EC2B2DBBD700384B5A /* Sources */ = {
			isa = PBXSourcesBuildPhase;
			buildActionMask = 2147483647;
			files = (
				BF6C43F52B2DBBD700384B5A /* TrackerTests.swift in Sources */,
			);
			runOnlyForDeploymentPostprocessing = 0;
		};
		BF6C43F62B2DBBD700384B5A /* Sources */ = {
			isa = PBXSourcesBuildPhase;
			buildActionMask = 2147483647;
			files = (
				BF6C43FF2B2DBBD700384B5A /* TrackerUITests.swift in Sources */,
				BF6C44012B2DBBD700384B5A /* TrackerUITestsLaunchTests.swift in Sources */,
			);
			runOnlyForDeploymentPostprocessing = 0;
		};
/* End PBXSourcesBuildPhase section */

/* Begin PBXTargetDependency section */
		BF6C43F22B2DBBD700384B5A /* PBXTargetDependency */ = {
			isa = PBXTargetDependency;
			target = BF6C43D62B2DBBD600384B5A /* Tracker */;
			targetProxy = BF6C43F12B2DBBD700384B5A /* PBXContainerItemProxy */;
		};
		BF6C43FC2B2DBBD700384B5A /* PBXTargetDependency */ = {
			isa = PBXTargetDependency;
			target = BF6C43D62B2DBBD600384B5A /* Tracker */;
			targetProxy = BF6C43FB2B2DBBD700384B5A /* PBXContainerItemProxy */;
		};
/* End PBXTargetDependency section */

/* Begin PBXVariantGroup section */
		BF6C43E82B2DBBD700384B5A /* LaunchScreen.storyboard */ = {
			isa = PBXVariantGroup;
			children = (
				BF6C43E92B2DBBD700384B5A /* Base */,
			);
			name = LaunchScreen.storyboard;
			sourceTree = "<group>";
		};
/* End PBXVariantGroup section */

/* Begin XCBuildConfiguration section */
		BF6C44022B2DBBD700384B5A /* Debug */ = {
			isa = XCBuildConfiguration;
			buildSettings = {
				ALWAYS_SEARCH_USER_PATHS = NO;
				ASSETCATALOG_COMPILER_GENERATE_SWIFT_ASSET_SYMBOL_EXTENSIONS = YES;
				CLANG_ANALYZER_NONNULL = YES;
				CLANG_ANALYZER_NUMBER_OBJECT_CONVERSION = YES_AGGRESSIVE;
				CLANG_CXX_LANGUAGE_STANDARD = "gnu++20";
				CLANG_ENABLE_MODULES = YES;
				CLANG_ENABLE_OBJC_ARC = YES;
				CLANG_ENABLE_OBJC_WEAK = YES;
				CLANG_WARN_BLOCK_CAPTURE_AUTORELEASING = YES;
				CLANG_WARN_BOOL_CONVERSION = YES;
				CLANG_WARN_COMMA = YES;
				CLANG_WARN_CONSTANT_CONVERSION = YES;
				CLANG_WARN_DEPRECATED_OBJC_IMPLEMENTATIONS = YES;
				CLANG_WARN_DIRECT_OBJC_ISA_USAGE = YES_ERROR;
				CLANG_WARN_DOCUMENTATION_COMMENTS = YES;
				CLANG_WARN_EMPTY_BODY = YES;
				CLANG_WARN_ENUM_CONVERSION = YES;
				CLANG_WARN_INFINITE_RECURSION = YES;
				CLANG_WARN_INT_CONVERSION = YES;
				CLANG_WARN_NON_LITERAL_NULL_CONVERSION = YES;
				CLANG_WARN_OBJC_IMPLICIT_RETAIN_SELF = YES;
				CLANG_WARN_OBJC_LITERAL_CONVERSION = YES;
				CLANG_WARN_OBJC_ROOT_CLASS = YES_ERROR;
				CLANG_WARN_QUOTED_INCLUDE_IN_FRAMEWORK_HEADER = YES;
				CLANG_WARN_RANGE_LOOP_ANALYSIS = YES;
				CLANG_WARN_STRICT_PROTOTYPES = YES;
				CLANG_WARN_SUSPICIOUS_MOVE = YES;
				CLANG_WARN_UNGUARDED_AVAILABILITY = YES_AGGRESSIVE;
				CLANG_WARN_UNREACHABLE_CODE = YES;
				CLANG_WARN__DUPLICATE_METHOD_MATCH = YES;
				COPY_PHASE_STRIP = NO;
				DEBUG_INFORMATION_FORMAT = dwarf;
				ENABLE_STRICT_OBJC_MSGSEND = YES;
				ENABLE_TESTABILITY = YES;
				ENABLE_USER_SCRIPT_SANDBOXING = YES;
				GCC_C_LANGUAGE_STANDARD = gnu17;
				GCC_DYNAMIC_NO_PIC = NO;
				GCC_NO_COMMON_BLOCKS = YES;
				GCC_OPTIMIZATION_LEVEL = 0;
				GCC_PREPROCESSOR_DEFINITIONS = (
					"DEBUG=1",
					"$(inherited)",
				);
				GCC_WARN_64_TO_32_BIT_CONVERSION = YES;
				GCC_WARN_ABOUT_RETURN_TYPE = YES_ERROR;
				GCC_WARN_UNDECLARED_SELECTOR = YES;
				GCC_WARN_UNINITIALIZED_AUTOS = YES_AGGRESSIVE;
				GCC_WARN_UNUSED_FUNCTION = YES;
				GCC_WARN_UNUSED_VARIABLE = YES;
				IPHONEOS_DEPLOYMENT_TARGET = 17.2;
				LOCALIZATION_PREFERS_STRING_CATALOGS = YES;
				MTL_ENABLE_DEBUG_INFO = INCLUDE_SOURCE;
				MTL_FAST_MATH = YES;
				ONLY_ACTIVE_ARCH = YES;
				SDKROOT = iphoneos;
				SWIFT_ACTIVE_COMPILATION_CONDITIONS = "DEBUG $(inherited)";
				SWIFT_OPTIMIZATION_LEVEL = "-Onone";
			};
			name = Debug;
		};
		BF6C44032B2DBBD700384B5A /* Release */ = {
			isa = XCBuildConfiguration;
			buildSettings = {
				ALWAYS_SEARCH_USER_PATHS = NO;
				ASSETCATALOG_COMPILER_GENERATE_SWIFT_ASSET_SYMBOL_EXTENSIONS = YES;
				CLANG_ANALYZER_NONNULL = YES;
				CLANG_ANALYZER_NUMBER_OBJECT_CONVERSION = YES_AGGRESSIVE;
				CLANG_CXX_LANGUAGE_STANDARD = "gnu++20";
				CLANG_ENABLE_MODULES = YES;
				CLANG_ENABLE_OBJC_ARC = YES;
				CLANG_ENABLE_OBJC_WEAK = YES;
				CLANG_WARN_BLOCK_CAPTURE_AUTORELEASING = YES;
				CLANG_WARN_BOOL_CONVERSION = YES;
				CLANG_WARN_COMMA = YES;
				CLANG_WARN_CONSTANT_CONVERSION = YES;
				CLANG_WARN_DEPRECATED_OBJC_IMPLEMENTATIONS = YES;
				CLANG_WARN_DIRECT_OBJC_ISA_USAGE = YES_ERROR;
				CLANG_WARN_DOCUMENTATION_COMMENTS = YES;
				CLANG_WARN_EMPTY_BODY = YES;
				CLANG_WARN_ENUM_CONVERSION = YES;
				CLANG_WARN_INFINITE_RECURSION = YES;
				CLANG_WARN_INT_CONVERSION = YES;
				CLANG_WARN_NON_LITERAL_NULL_CONVERSION = YES;
				CLANG_WARN_OBJC_IMPLICIT_RETAIN_SELF = YES;
				CLANG_WARN_OBJC_LITERAL_CONVERSION = YES;
				CLANG_WARN_OBJC_ROOT_CLASS = YES_ERROR;
				CLANG_WARN_QUOTED_INCLUDE_IN_FRAMEWORK_HEADER = YES;
				CLANG_WARN_RANGE_LOOP_ANALYSIS = YES;
				CLANG_WARN_STRICT_PROTOTYPES = YES;
				CLANG_WARN_SUSPICIOUS_MOVE = YES;
				CLANG_WARN_UNGUARDED_AVAILABILITY = YES_AGGRESSIVE;
				CLANG_WARN_UNREACHABLE_CODE = YES;
				CLANG_WARN__DUPLICATE_METHOD_MATCH = YES;
				COPY_PHASE_STRIP = NO;
				DEBUG_INFORMATION_FORMAT = "dwarf-with-dsym";
				ENABLE_NS_ASSERTIONS = NO;
				ENABLE_STRICT_OBJC_MSGSEND = YES;
				ENABLE_USER_SCRIPT_SANDBOXING = YES;
				GCC_C_LANGUAGE_STANDARD = gnu17;
				GCC_NO_COMMON_BLOCKS = YES;
				GCC_WARN_64_TO_32_BIT_CONVERSION = YES;
				GCC_WARN_ABOUT_RETURN_TYPE = YES_ERROR;
				GCC_WARN_UNDECLARED_SELECTOR = YES;
				GCC_WARN_UNINITIALIZED_AUTOS = YES_AGGRESSIVE;
				GCC_WARN_UNUSED_FUNCTION = YES;
				GCC_WARN_UNUSED_VARIABLE = YES;
				IPHONEOS_DEPLOYMENT_TARGET = 17.2;
				LOCALIZATION_PREFERS_STRING_CATALOGS = YES;
				MTL_ENABLE_DEBUG_INFO = NO;
				MTL_FAST_MATH = YES;
				SDKROOT = iphoneos;
				SWIFT_COMPILATION_MODE = wholemodule;
				VALIDATE_PRODUCT = YES;
			};
			name = Release;
		};
		BF6C44052B2DBBD700384B5A /* Debug */ = {
			isa = XCBuildConfiguration;
			buildSettings = {
				ASSETCATALOG_COMPILER_APPICON_NAME = AppIcon;
				ASSETCATALOG_COMPILER_GLOBAL_ACCENT_COLOR_NAME = AccentColor;
				ASSETCATALOG_COMPILER_INCLUDE_ALL_APPICON_ASSETS = YES;
				CODE_SIGN_STYLE = Automatic;
				CURRENT_PROJECT_VERSION = 1;
				DEVELOPMENT_TEAM = L3YSM8C354;
				GENERATE_INFOPLIST_FILE = YES;
				INFOPLIST_FILE = Tracker/Info.plist;
				INFOPLIST_KEY_CFBundleDisplayName = Tracker;
				INFOPLIST_KEY_LSApplicationCategoryType = "public.app-category.lifestyle";
				INFOPLIST_KEY_UIApplicationSupportsIndirectInputEvents = YES;
				INFOPLIST_KEY_UILaunchStoryboardName = LaunchScreen.storyboard;
				INFOPLIST_KEY_UISupportedInterfaceOrientations = UIInterfaceOrientationPortrait;
				INFOPLIST_KEY_UISupportedInterfaceOrientations_iPad = "UIInterfaceOrientationLandscapeLeft UIInterfaceOrientationLandscapeRight UIInterfaceOrientationPortrait UIInterfaceOrientationPortraitUpsideDown";
				IPHONEOS_DEPLOYMENT_TARGET = 13.4;
				LD_RUNPATH_SEARCH_PATHS = (
					"$(inherited)",
					"@executable_path/Frameworks",
				);
				MARKETING_VERSION = 1.0;
				PRODUCT_BUNDLE_IDENTIFIER = com.dvbeliakov.Tracker;
				PRODUCT_NAME = "$(TARGET_NAME)";
				SUPPORTED_PLATFORMS = "iphoneos iphonesimulator";
				SUPPORTS_MACCATALYST = NO;
				SUPPORTS_MAC_DESIGNED_FOR_IPHONE_IPAD = NO;
				SUPPORTS_XR_DESIGNED_FOR_IPHONE_IPAD = NO;
				SWIFT_EMIT_LOC_STRINGS = YES;
				SWIFT_VERSION = 5.0;
				TARGETED_DEVICE_FAMILY = 1;
			};
			name = Debug;
		};
		BF6C44062B2DBBD700384B5A /* Release */ = {
			isa = XCBuildConfiguration;
			buildSettings = {
				ASSETCATALOG_COMPILER_APPICON_NAME = AppIcon;
				ASSETCATALOG_COMPILER_GLOBAL_ACCENT_COLOR_NAME = AccentColor;
				ASSETCATALOG_COMPILER_INCLUDE_ALL_APPICON_ASSETS = YES;
				CODE_SIGN_STYLE = Automatic;
				CURRENT_PROJECT_VERSION = 1;
				DEVELOPMENT_TEAM = L3YSM8C354;
				GENERATE_INFOPLIST_FILE = YES;
				INFOPLIST_FILE = Tracker/Info.plist;
				INFOPLIST_KEY_CFBundleDisplayName = Tracker;
				INFOPLIST_KEY_LSApplicationCategoryType = "public.app-category.lifestyle";
				INFOPLIST_KEY_UIApplicationSupportsIndirectInputEvents = YES;
				INFOPLIST_KEY_UILaunchStoryboardName = LaunchScreen.storyboard;
				INFOPLIST_KEY_UISupportedInterfaceOrientations = UIInterfaceOrientationPortrait;
				INFOPLIST_KEY_UISupportedInterfaceOrientations_iPad = "UIInterfaceOrientationLandscapeLeft UIInterfaceOrientationLandscapeRight UIInterfaceOrientationPortrait UIInterfaceOrientationPortraitUpsideDown";
				IPHONEOS_DEPLOYMENT_TARGET = 13.4;
				LD_RUNPATH_SEARCH_PATHS = (
					"$(inherited)",
					"@executable_path/Frameworks",
				);
				MARKETING_VERSION = 1.0;
				PRODUCT_BUNDLE_IDENTIFIER = com.dvbeliakov.Tracker;
				PRODUCT_NAME = "$(TARGET_NAME)";
				SUPPORTED_PLATFORMS = "iphoneos iphonesimulator";
				SUPPORTS_MACCATALYST = NO;
				SUPPORTS_MAC_DESIGNED_FOR_IPHONE_IPAD = NO;
				SUPPORTS_XR_DESIGNED_FOR_IPHONE_IPAD = NO;
				SWIFT_EMIT_LOC_STRINGS = YES;
				SWIFT_VERSION = 5.0;
				TARGETED_DEVICE_FAMILY = 1;
			};
			name = Release;
		};
		BF6C44082B2DBBD700384B5A /* Debug */ = {
			isa = XCBuildConfiguration;
			buildSettings = {
				ALWAYS_EMBED_SWIFT_STANDARD_LIBRARIES = YES;
				BUNDLE_LOADER = "$(TEST_HOST)";
				CODE_SIGN_STYLE = Automatic;
				CURRENT_PROJECT_VERSION = 1;
				DEVELOPMENT_TEAM = L3YSM8C354;
				GENERATE_INFOPLIST_FILE = YES;
				IPHONEOS_DEPLOYMENT_TARGET = 17.2;
				MARKETING_VERSION = 1.0;
				PRODUCT_BUNDLE_IDENTIFIER = com.dvbeliakov.TrackerTests;
				PRODUCT_NAME = "$(TARGET_NAME)";
				SWIFT_EMIT_LOC_STRINGS = NO;
				SWIFT_VERSION = 5.0;
				TARGETED_DEVICE_FAMILY = "1,2";
				TEST_HOST = "$(BUILT_PRODUCTS_DIR)/Tracker.app/$(BUNDLE_EXECUTABLE_FOLDER_PATH)/Tracker";
			};
			name = Debug;
		};
		BF6C44092B2DBBD700384B5A /* Release */ = {
			isa = XCBuildConfiguration;
			buildSettings = {
				ALWAYS_EMBED_SWIFT_STANDARD_LIBRARIES = YES;
				BUNDLE_LOADER = "$(TEST_HOST)";
				CODE_SIGN_STYLE = Automatic;
				CURRENT_PROJECT_VERSION = 1;
				DEVELOPMENT_TEAM = L3YSM8C354;
				GENERATE_INFOPLIST_FILE = YES;
				IPHONEOS_DEPLOYMENT_TARGET = 17.2;
				MARKETING_VERSION = 1.0;
				PRODUCT_BUNDLE_IDENTIFIER = com.dvbeliakov.TrackerTests;
				PRODUCT_NAME = "$(TARGET_NAME)";
				SWIFT_EMIT_LOC_STRINGS = NO;
				SWIFT_VERSION = 5.0;
				TARGETED_DEVICE_FAMILY = "1,2";
				TEST_HOST = "$(BUILT_PRODUCTS_DIR)/Tracker.app/$(BUNDLE_EXECUTABLE_FOLDER_PATH)/Tracker";
			};
			name = Release;
		};
		BF6C440B2B2DBBD700384B5A /* Debug */ = {
			isa = XCBuildConfiguration;
			buildSettings = {
				ALWAYS_EMBED_SWIFT_STANDARD_LIBRARIES = YES;
				CODE_SIGN_STYLE = Automatic;
				CURRENT_PROJECT_VERSION = 1;
				DEVELOPMENT_TEAM = L3YSM8C354;
				GENERATE_INFOPLIST_FILE = YES;
				MARKETING_VERSION = 1.0;
				PRODUCT_BUNDLE_IDENTIFIER = com.dvbeliakov.TrackerUITests;
				PRODUCT_NAME = "$(TARGET_NAME)";
				SWIFT_EMIT_LOC_STRINGS = NO;
				SWIFT_VERSION = 5.0;
				TARGETED_DEVICE_FAMILY = "1,2";
				TEST_TARGET_NAME = Tracker;
			};
			name = Debug;
		};
		BF6C440C2B2DBBD700384B5A /* Release */ = {
			isa = XCBuildConfiguration;
			buildSettings = {
				ALWAYS_EMBED_SWIFT_STANDARD_LIBRARIES = YES;
				CODE_SIGN_STYLE = Automatic;
				CURRENT_PROJECT_VERSION = 1;
				DEVELOPMENT_TEAM = L3YSM8C354;
				GENERATE_INFOPLIST_FILE = YES;
				MARKETING_VERSION = 1.0;
				PRODUCT_BUNDLE_IDENTIFIER = com.dvbeliakov.TrackerUITests;
				PRODUCT_NAME = "$(TARGET_NAME)";
				SWIFT_EMIT_LOC_STRINGS = NO;
				SWIFT_VERSION = 5.0;
				TARGETED_DEVICE_FAMILY = "1,2";
				TEST_TARGET_NAME = Tracker;
			};
			name = Release;
		};
/* End XCBuildConfiguration section */

/* Begin XCConfigurationList section */
		BF6C43D22B2DBBD600384B5A /* Build configuration list for PBXProject "Tracker" */ = {
			isa = XCConfigurationList;
			buildConfigurations = (
				BF6C44022B2DBBD700384B5A /* Debug */,
				BF6C44032B2DBBD700384B5A /* Release */,
			);
			defaultConfigurationIsVisible = 0;
			defaultConfigurationName = Release;
		};
		BF6C44042B2DBBD700384B5A /* Build configuration list for PBXNativeTarget "Tracker" */ = {
			isa = XCConfigurationList;
			buildConfigurations = (
				BF6C44052B2DBBD700384B5A /* Debug */,
				BF6C44062B2DBBD700384B5A /* Release */,
			);
			defaultConfigurationIsVisible = 0;
			defaultConfigurationName = Release;
		};
		BF6C44072B2DBBD700384B5A /* Build configuration list for PBXNativeTarget "TrackerTests" */ = {
			isa = XCConfigurationList;
			buildConfigurations = (
				BF6C44082B2DBBD700384B5A /* Debug */,
				BF6C44092B2DBBD700384B5A /* Release */,
			);
			defaultConfigurationIsVisible = 0;
			defaultConfigurationName = Release;
		};
		BF6C440A2B2DBBD700384B5A /* Build configuration list for PBXNativeTarget "TrackerUITests" */ = {
			isa = XCConfigurationList;
			buildConfigurations = (
				BF6C440B2B2DBBD700384B5A /* Debug */,
				BF6C440C2B2DBBD700384B5A /* Release */,
			);
			defaultConfigurationIsVisible = 0;
			defaultConfigurationName = Release;
		};
/* End XCConfigurationList section */

/* Begin XCVersionGroup section */
		BF6C43E32B2DBBD600384B5A /* Tracker.xcdatamodeld */ = {
			isa = XCVersionGroup;
			children = (
				BF6C43E42B2DBBD600384B5A /* Tracker.xcdatamodel */,
			);
			currentVersion = BF6C43E42B2DBBD600384B5A /* Tracker.xcdatamodel */;
			path = Tracker.xcdatamodeld;
			sourceTree = "<group>";
			versionGroupType = wrapper.xcdatamodel;
		};
/* End XCVersionGroup section */
	};
	rootObject = BF6C43CF2B2DBBD600384B5A /* Project object */;
}
